
Microsoft Visual Studio Solution File, Format Version 12.00
# Visual Studio Version 16
VisualStudioVersion = 16.0.31624.102
MinimumVisualStudioVersion = 10.0.40219.1
Project("{F184B08F-C81C-45F6-A57F-5ABD9991F28F}") = "HelloWorld", "WebApplication1\HelloWorld.vbproj", "{5FA84704-4634-4612-AA7E-94C5E8EF9707}"
EndProject
Global
	GlobalSection(SolutionConfigurationPlatforms) = preSolution
		Debug|Any CPU = Debug|Any CPU
		Release|Any CPU = Release|Any CPU
	EndGlobalSection
	GlobalSection(ProjectConfigurationPlatforms) = postSolution
		{5FA84704-4634-4612-AA7E-94C5E8EF9707}.Debug|Any CPU.ActiveCfg = Debug|Any CPU
		{5FA84704-4634-4612-AA7E-94C5E8EF9707}.Debug|Any CPU.Build.0 = Debug|Any CPU
		{5FA84704-4634-4612-AA7E-94C5E8EF9707}.Release|Any CPU.ActiveCfg = Release|Any CPU
		{5FA84704-4634-4612-AA7E-94C5E8EF9707}.Release|Any CPU.Build.0 = Release|Any CPU
	EndGlobalSection
	GlobalSection(SolutionProperties) = preSolution
		HideSolutionNode = FALSE
	EndGlobalSection
	GlobalSection(ExtensibilityGlobals) = postSolution
		SolutionGuid = {BEB3A835-DDA0-48BD-9F20-142A60576439}
	EndGlobalSection
EndGlobal
